
Microsoft Visual Studio Solution File, Format Version 12.00
# Visual Studio Version 16
VisualStudioVersion = 16.0.31112.23
MinimumVisualStudioVersion = 10.0.40219.1
Project("{FAE04EC0-301F-11D3-BF4B-00C04F79EFBC}") = "Batsay Messenger", "Batsay Messenger\Batsay Messenger.csproj", "{927DB1F5-FE26-47B2-881D-64A293752A05}"
EndProject
Global
	GlobalSection(SolutionConfigurationPlatforms) = preSolution
		Debug|Any CPU = Debug|Any CPU
		Release|Any CPU = Release|Any CPU
	EndGlobalSection
	GlobalSection(ProjectConfigurationPlatforms) = postSolution
		{927DB1F5-FE26-47B2-881D-64A293752A05}.Debug|Any CPU.ActiveCfg = Debug|Any CPU
		{927DB1F5-FE26-47B2-881D-64A293752A05}.Debug|Any CPU.Build.0 = Debug|Any CPU
		{927DB1F5-FE26-47B2-881D-64A293752A05}.Release|Any CPU.ActiveCfg = Release|Any CPU
		{927DB1F5-FE26-47B2-881D-64A293752A05}.Release|Any CPU.Build.0 = Release|Any CPU
	EndGlobalSection
	GlobalSection(SolutionProperties) = preSolution
		HideSolutionNode = FALSE
	EndGlobalSection
	GlobalSection(ExtensibilityGlobals) = postSolution
		SolutionGuid = {811EEC08-6EA1-46D2-8974-618C456014FF}
	EndGlobalSection
EndGlobal
