
Microsoft Visual Studio Solution File, Format Version 12.00
# Visual Studio Version 16
VisualStudioVersion = 16.0.31112.23
MinimumVisualStudioVersion = 10.0.40219.1
Project("{9A19103F-16F7-4668-BE54-9A1E7A4F7556}") = "Batsay Messenger", "Batsay Messenger\Batsay Messenger.csproj", "{927DB1F5-FE26-47B2-881D-64A293752A05}"
EndProject
Project("{2150E333-8FDC-42A3-9474-1A3956D46DE8}") = "Solution Items", "Solution Items", "{27BC6668-9292-4439-9FE6-218DB5CCCB35}"
	ProjectSection(SolutionItems) = preProject
		.editorconfig = .editorconfig
	EndProjectSection
EndProject
Project("{FAE04EC0-301F-11D3-BF4B-00C04F79EFBC}") = "Essentials", "Essentials\Essentials.csproj", "{2A184F48-47CC-4324-89F3-F5905B045347}"
EndProject
Global
	GlobalSection(SolutionConfigurationPlatforms) = preSolution
		Debug|Any CPU = Debug|Any CPU
		Release|Any CPU = Release|Any CPU
	EndGlobalSection
	GlobalSection(ProjectConfigurationPlatforms) = postSolution
		{927DB1F5-FE26-47B2-881D-64A293752A05}.Debug|Any CPU.ActiveCfg = Debug|Any CPU
		{927DB1F5-FE26-47B2-881D-64A293752A05}.Debug|Any CPU.Build.0 = Debug|Any CPU
		{927DB1F5-FE26-47B2-881D-64A293752A05}.Release|Any CPU.ActiveCfg = Release|Any CPU
		{927DB1F5-FE26-47B2-881D-64A293752A05}.Release|Any CPU.Build.0 = Release|Any CPU
		{2A184F48-47CC-4324-89F3-F5905B045347}.Debug|Any CPU.ActiveCfg = Debug|Any CPU
		{2A184F48-47CC-4324-89F3-F5905B045347}.Debug|Any CPU.Build.0 = Debug|Any CPU
		{2A184F48-47CC-4324-89F3-F5905B045347}.Release|Any CPU.ActiveCfg = Release|Any CPU
		{2A184F48-47CC-4324-89F3-F5905B045347}.Release|Any CPU.Build.0 = Release|Any CPU
	EndGlobalSection
	GlobalSection(SolutionProperties) = preSolution
		HideSolutionNode = FALSE
	EndGlobalSection
	GlobalSection(ExtensibilityGlobals) = postSolution
		SolutionGuid = {811EEC08-6EA1-46D2-8974-618C456014FF}
	EndGlobalSection
EndGlobal
